
Microsoft Visual Studio Solution File, Format Version 12.00
# Visual Studio Version 16
VisualStudioVersion = 16.0.30907.101
MinimumVisualStudioVersion = 10.0.40219.1
Project("{FAE04EC0-301F-11D3-BF4B-00C04F79EFBC}") = "HO_Simple.Net", "HO_Simple.Net\HO_Simple.Net.csproj", "{04C63D4D-F2A0-44DD-98FD-E7468555AF5A}"
EndProject
Global
	GlobalSection(SolutionConfigurationPlatforms) = preSolution
		Debug|Any CPU = Debug|Any CPU
		Release|Any CPU = Release|Any CPU
	EndGlobalSection
	GlobalSection(ProjectConfigurationPlatforms) = postSolution
		{04C63D4D-F2A0-44DD-98FD-E7468555AF5A}.Debug|Any CPU.ActiveCfg = Debug|Any CPU
		{04C63D4D-F2A0-44DD-98FD-E7468555AF5A}.Debug|Any CPU.Build.0 = Debug|Any CPU
		{04C63D4D-F2A0-44DD-98FD-E7468555AF5A}.Release|Any CPU.ActiveCfg = Release|Any CPU
		{04C63D4D-F2A0-44DD-98FD-E7468555AF5A}.Release|Any CPU.Build.0 = Release|Any CPU
	EndGlobalSection
	GlobalSection(SolutionProperties) = preSolution
		HideSolutionNode = FALSE
	EndGlobalSection
	GlobalSection(ExtensibilityGlobals) = postSolution
		SolutionGuid = {D88D4A53-8CF7-4E1B-A228-3D23882B599F}
	EndGlobalSection
EndGlobal
